
Microsoft Visual Studio Solution File, Format Version 12.00
# Visual Studio Version 16
VisualStudioVersion = 16.0.31624.102
MinimumVisualStudioVersion = 10.0.40219.1
Project("{FAE04EC0-301F-11D3-BF4B-00C04F79EFBC}") = "PooHotel", "PooHotel\PooHotel.csproj", "{18BFD552-A216-461F-8724-7A28082F6FBC}"
EndProject
Global
	GlobalSection(SolutionConfigurationPlatforms) = preSolution
		Debug|Any CPU = Debug|Any CPU
		Release|Any CPU = Release|Any CPU
	EndGlobalSection
	GlobalSection(ProjectConfigurationPlatforms) = postSolution
		{18BFD552-A216-461F-8724-7A28082F6FBC}.Debug|Any CPU.ActiveCfg = Debug|Any CPU
		{18BFD552-A216-461F-8724-7A28082F6FBC}.Debug|Any CPU.Build.0 = Debug|Any CPU
		{18BFD552-A216-461F-8724-7A28082F6FBC}.Release|Any CPU.ActiveCfg = Release|Any CPU
		{18BFD552-A216-461F-8724-7A28082F6FBC}.Release|Any CPU.Build.0 = Release|Any CPU
	EndGlobalSection
	GlobalSection(SolutionProperties) = preSolution
		HideSolutionNode = FALSE
	EndGlobalSection
	GlobalSection(ExtensibilityGlobals) = postSolution
		SolutionGuid = {3A499451-C9BF-4DAC-BC91-1FDD131F851A}
	EndGlobalSection
EndGlobal
